
Microsoft Visual Studio Solution File, Format Version 12.00
# Visual Studio Version 16
VisualStudioVersion = 16.0.30011.22
MinimumVisualStudioVersion = 10.0.40219.1
Project("{FAE04EC0-301F-11D3-BF4B-00C04F79EFBC}") = "APIGateway", "APIGateway\APIGateway.csproj", "{ACF2F46B-766C-403A-AB16-3E33037BA41C}"
EndProject
Global
	GlobalSection(SolutionConfigurationPlatforms) = preSolution
		Debug|Any CPU = Debug|Any CPU
		Release|Any CPU = Release|Any CPU
	EndGlobalSection
	GlobalSection(ProjectConfigurationPlatforms) = postSolution
		{ACF2F46B-766C-403A-AB16-3E33037BA41C}.Debug|Any CPU.ActiveCfg = Debug|Any CPU
		{ACF2F46B-766C-403A-AB16-3E33037BA41C}.Debug|Any CPU.Build.0 = Debug|Any CPU
		{ACF2F46B-766C-403A-AB16-3E33037BA41C}.Release|Any CPU.ActiveCfg = Release|Any CPU
		{ACF2F46B-766C-403A-AB16-3E33037BA41C}.Release|Any CPU.Build.0 = Release|Any CPU
	EndGlobalSection
	GlobalSection(SolutionProperties) = preSolution
		HideSolutionNode = FALSE
	EndGlobalSection
	GlobalSection(ExtensibilityGlobals) = postSolution
		SolutionGuid = {AB3362EB-ACEC-424E-A8E4-E6902A203BE7}
	EndGlobalSection
EndGlobal
